{
  "originHash" : "0fc4810ff5cde9c4ef55cc72f544b127936c4816bb5b2f35226c73fec01abb5e",
  "pins" : [
    {
      "identity" : "designscaffold",
      "kind" : "remoteSourceControl",
      "location" : "https://github.com/xocialize/DesignScaffold",
      "state" : {
        "revision" : "510e8fda8e68e42edb3d808d5f721d799547786f",
        "version" : "0.25.0"
      }
    },
    {
      "identity" : "mlx-audio-dsp",
      "kind" : "remoteSourceControl",
      "location" : "https://github.com/xocialize/mlx-audio-dsp.git",
      "state" : {
        "revision" : "73823a16924363e2be7fa5f10ed767d1f7ffd9ae",
        "version" : "0.1.0"
      }
    },
    {
      "identity" : "mlx-engine-swift",
      "kind" : "remoteSourceControl",
      "location" : "https://github.com/xocialize/mlx-engine-swift",
      "state" : {
        "revision" : "9db071583a58572651326d4e85c42b0fc38ab924",
        "version" : "0.65.0"
      }
    },
    {
      "identity" : "mlx-swift",
      "kind" : "remoteSourceControl",
      "location" : "https://github.com/ml-explore/mlx-swift",
      "state" : {
        "revision" : "19601207e9a0de51e03ee6ec0c3c5f3784275075",
        "version" : "0.32.3"
      }
    },
    {
      "identity" : "swift-numerics",
      "kind" : "remoteSourceControl",
      "location" : "https://github.com/apple/swift-numerics",
      "state" : {
        "revision" : "0c0290ff6b24942dadb83a929ffaaa1481df04a2",
        "version" : "1.1.1"
      }
    }
  ],
  "version" : 3
}
